
Microsoft Visual Studio Solution File, Format Version 12.00
# Visual Studio Version 16
VisualStudioVersion = 16.0.34031.81
MinimumVisualStudioVersion = 10.0.40219.1
Project("{FAE04EC0-301F-11D3-BF4B-00C04F79EFBC}") = "LibreriaProyectoFinal", "LibreriaProyectoFinal\LibreriaProyectoFinal.csproj", "{04FBDB9F-0244-4C0F-B0FE-717520799FA6}"
EndProject
Project("{FAE04EC0-301F-11D3-BF4B-00C04F79EFBC}") = "CapaDatos", "CapaDatos\CapaDatos.csproj", "{52653004-07E5-43D5-99CF-9891095FF873}"
EndProject
Project("{FAE04EC0-301F-11D3-BF4B-00C04F79EFBC}") = "CapaNegocio", "CapaNegocio\CapaNegocio.csproj", "{CA14C3E6-49F8-41BB-AB2A-ECF89B799912}"
EndProject
Project("{FAE04EC0-301F-11D3-BF4B-00C04F79EFBC}") = "CapaEntidad", "CapaEntidad\CapaEntidad.csproj", "{B8BDCCC3-07B1-4926-B11E-B75DE2201C14}"
EndProject
Global
	GlobalSection(SolutionConfigurationPlatforms) = preSolution
		Debug|Any CPU = Debug|Any CPU
		Release|Any CPU = Release|Any CPU
	EndGlobalSection
	GlobalSection(ProjectConfigurationPlatforms) = postSolution
		{04FBDB9F-0244-4C0F-B0FE-717520799FA6}.Debug|Any CPU.ActiveCfg = Debug|Any CPU
		{04FBDB9F-0244-4C0F-B0FE-717520799FA6}.Debug|Any CPU.Build.0 = Debug|Any CPU
		{04FBDB9F-0244-4C0F-B0FE-717520799FA6}.Release|Any CPU.ActiveCfg = Release|Any CPU
		{04FBDB9F-0244-4C0F-B0FE-717520799FA6}.Release|Any CPU.Build.0 = Release|Any CPU
		{52653004-07E5-43D5-99CF-9891095FF873}.Debug|Any CPU.ActiveCfg = Debug|Any CPU
		{52653004-07E5-43D5-99CF-9891095FF873}.Debug|Any CPU.Build.0 = Debug|Any CPU
		{52653004-07E5-43D5-99CF-9891095FF873}.Release|Any CPU.ActiveCfg = Release|Any CPU
		{52653004-07E5-43D5-99CF-9891095FF873}.Release|Any CPU.Build.0 = Release|Any CPU
		{CA14C3E6-49F8-41BB-AB2A-ECF89B799912}.Debug|Any CPU.ActiveCfg = Debug|Any CPU
		{CA14C3E6-49F8-41BB-AB2A-ECF89B799912}.Debug|Any CPU.Build.0 = Debug|Any CPU
		{CA14C3E6-49F8-41BB-AB2A-ECF89B799912}.Release|Any CPU.ActiveCfg = Release|Any CPU
		{CA14C3E6-49F8-41BB-AB2A-ECF89B799912}.Release|Any CPU.Build.0 = Release|Any CPU
		{B8BDCCC3-07B1-4926-B11E-B75DE2201C14}.Debug|Any CPU.ActiveCfg = Debug|Any CPU
		{B8BDCCC3-07B1-4926-B11E-B75DE2201C14}.Debug|Any CPU.Build.0 = Debug|Any CPU
		{B8BDCCC3-07B1-4926-B11E-B75DE2201C14}.Release|Any CPU.ActiveCfg = Release|Any CPU
		{B8BDCCC3-07B1-4926-B11E-B75DE2201C14}.Release|Any CPU.Build.0 = Release|Any CPU
	EndGlobalSection
	GlobalSection(SolutionProperties) = preSolution
		HideSolutionNode = FALSE
	EndGlobalSection
	GlobalSection(ExtensibilityGlobals) = postSolution
		SolutionGuid = {70E696CE-40F6-47C1-A47B-C9E5CD1C4EC2}
	EndGlobalSection
EndGlobal
